
Microsoft Visual Studio Solution File, Format Version 12.00
# Visual Studio Version 16
VisualStudioVersion = 16.0.30621.155
MinimumVisualStudioVersion = 10.0.40219.1
Project("{FAE04EC0-301F-11D3-BF4B-00C04F79EFBC}") = "FlightsToCharts.Core", "FlightsToCharts.Core\FlightsToCharts.Core.csproj", "{E89DAAC1-C6F9-47E9-B229-7751C9ACBDBC}"
EndProject
Project("{FAE04EC0-301F-11D3-BF4B-00C04F79EFBC}") = "FlightsToCharts.Data", "FlightsToCharts.Data\FlightsToCharts.Data.csproj", "{A19C5230-C4B5-4A53-895C-A1F08A8B6F13}"
EndProject
Project("{FAE04EC0-301F-11D3-BF4B-00C04F79EFBC}") = "FlightsToCharts.SharedLibrary", "FlightsToCharts.SharedLibrary\FlightsToCharts.SharedLibrary.csproj", "{73C31DDD-BBF9-48C5-A934-BE73C30A9BDB}"
EndProject
Global
	GlobalSection(SolutionConfigurationPlatforms) = preSolution
		Debug|Any CPU = Debug|Any CPU
		Release|Any CPU = Release|Any CPU
	EndGlobalSection
	GlobalSection(ProjectConfigurationPlatforms) = postSolution
		{E89DAAC1-C6F9-47E9-B229-7751C9ACBDBC}.Debug|Any CPU.ActiveCfg = Debug|Any CPU
		{E89DAAC1-C6F9-47E9-B229-7751C9ACBDBC}.Debug|Any CPU.Build.0 = Debug|Any CPU
		{E89DAAC1-C6F9-47E9-B229-7751C9ACBDBC}.Release|Any CPU.ActiveCfg = Release|Any CPU
		{E89DAAC1-C6F9-47E9-B229-7751C9ACBDBC}.Release|Any CPU.Build.0 = Release|Any CPU
		{A19C5230-C4B5-4A53-895C-A1F08A8B6F13}.Debug|Any CPU.ActiveCfg = Debug|Any CPU
		{A19C5230-C4B5-4A53-895C-A1F08A8B6F13}.Debug|Any CPU.Build.0 = Debug|Any CPU
		{A19C5230-C4B5-4A53-895C-A1F08A8B6F13}.Release|Any CPU.ActiveCfg = Release|Any CPU
		{A19C5230-C4B5-4A53-895C-A1F08A8B6F13}.Release|Any CPU.Build.0 = Release|Any CPU
		{73C31DDD-BBF9-48C5-A934-BE73C30A9BDB}.Debug|Any CPU.ActiveCfg = Debug|Any CPU
		{73C31DDD-BBF9-48C5-A934-BE73C30A9BDB}.Debug|Any CPU.Build.0 = Debug|Any CPU
		{73C31DDD-BBF9-48C5-A934-BE73C30A9BDB}.Release|Any CPU.ActiveCfg = Release|Any CPU
		{73C31DDD-BBF9-48C5-A934-BE73C30A9BDB}.Release|Any CPU.Build.0 = Release|Any CPU
	EndGlobalSection
	GlobalSection(SolutionProperties) = preSolution
		HideSolutionNode = FALSE
	EndGlobalSection
	GlobalSection(ExtensibilityGlobals) = postSolution
		SolutionGuid = {C58B2E70-43FA-4ADD-B559-7FFA2731341B}
	EndGlobalSection
EndGlobal
